
Microsoft Visual Studio Solution File, Format Version 12.00
# Visual Studio Version 16
VisualStudioVersion = 16.0.29920.165
MinimumVisualStudioVersion = 10.0.40219.1
Project("{FAE04EC0-301F-11D3-BF4B-00C04F79EFBC}") = "GQChat", "GQChat\GQChat.csproj", "{5DEF98BF-7269-409B-9635-D7A9AA84D730}"
EndProject
Global
	GlobalSection(SolutionConfigurationPlatforms) = preSolution
		Debug|Any CPU = Debug|Any CPU
		Release|Any CPU = Release|Any CPU
	EndGlobalSection
	GlobalSection(ProjectConfigurationPlatforms) = postSolution
		{5DEF98BF-7269-409B-9635-D7A9AA84D730}.Debug|Any CPU.ActiveCfg = Debug|Any CPU
		{5DEF98BF-7269-409B-9635-D7A9AA84D730}.Debug|Any CPU.Build.0 = Debug|Any CPU
		{5DEF98BF-7269-409B-9635-D7A9AA84D730}.Release|Any CPU.ActiveCfg = Release|Any CPU
		{5DEF98BF-7269-409B-9635-D7A9AA84D730}.Release|Any CPU.Build.0 = Release|Any CPU
	EndGlobalSection
	GlobalSection(SolutionProperties) = preSolution
		HideSolutionNode = FALSE
	EndGlobalSection
	GlobalSection(ExtensibilityGlobals) = postSolution
		SolutionGuid = {4D008188-193B-43F6-9C16-7C3B776BD996}
	EndGlobalSection
EndGlobal
